
Microsoft Visual Studio Solution File, Format Version 12.00
# Visual Studio 14
VisualStudioVersion = 14.0.25420.1
MinimumVisualStudioVersion = 10.0.40219.1
Project("{2150E333-8FDC-42A3-9474-1A3956D46DE8}") = "src", "src", "{8EA88A67-2DE1-43CD-862E-E5A15009A098}"
EndProject
Project("{2150E333-8FDC-42A3-9474-1A3956D46DE8}") = "samples", "samples", "{740E5DF9-36FC-46C5-988B-C9524335F783}"
EndProject
Project("{FAE04EC0-301F-11D3-BF4B-00C04F79EFBC}") = "ProcessesTheater.Core", "src\ProcessesTheater.Core\ProcessesTheater.Core.csproj", "{164CFEAB-9FD5-415F-8411-2EE08C922BE4}"
EndProject
Global
	GlobalSection(SolutionConfigurationPlatforms) = preSolution
		Debug|Any CPU = Debug|Any CPU
		Release|Any CPU = Release|Any CPU
	EndGlobalSection
	GlobalSection(ProjectConfigurationPlatforms) = postSolution
		{164CFEAB-9FD5-415F-8411-2EE08C922BE4}.Debug|Any CPU.ActiveCfg = Debug|Any CPU
		{164CFEAB-9FD5-415F-8411-2EE08C922BE4}.Debug|Any CPU.Build.0 = Debug|Any CPU
		{164CFEAB-9FD5-415F-8411-2EE08C922BE4}.Release|Any CPU.ActiveCfg = Release|Any CPU
		{164CFEAB-9FD5-415F-8411-2EE08C922BE4}.Release|Any CPU.Build.0 = Release|Any CPU
	EndGlobalSection
	GlobalSection(SolutionProperties) = preSolution
		HideSolutionNode = FALSE
	EndGlobalSection
	GlobalSection(NestedProjects) = preSolution
		{164CFEAB-9FD5-415F-8411-2EE08C922BE4} = {8EA88A67-2DE1-43CD-862E-E5A15009A098}
	EndGlobalSection
EndGlobal
